
Microsoft Visual Studio Solution File, Format Version 12.00
# Visual Studio Version 16
VisualStudioVersion = 16.0.30804.86
MinimumVisualStudioVersion = 10.0.40219.1
Project("{FAE04EC0-301F-11D3-BF4B-00C04F79EFBC}") = "KaampIntro", "KaampIntro\KaampIntro.csproj", "{6235A002-941D-4589-8145-573FAE71F6E8}"
EndProject
Project("{FAE04EC0-301F-11D3-BF4B-00C04F79EFBC}") = "Donguler", "Donguler\Donguler.csproj", "{B5E1EC6A-4A85-4E44-8E1D-2821C9200461}"
EndProject
Project("{FAE04EC0-301F-11D3-BF4B-00C04F79EFBC}") = "ClassIntro", "ClassIntro\ClassIntro.csproj", "{3586C5DE-D746-4A6C-A7EC-C215CC70215A}"
EndProject
Project("{FAE04EC0-301F-11D3-BF4B-00C04F79EFBC}") = "Metotlar", "Metotlar\Metotlar.csproj", "{BAD9064F-3A47-4140-9A17-660E505F0D98}"
EndProject
Project("{FAE04EC0-301F-11D3-BF4B-00C04F79EFBC}") = "Matematikk", "Matematikk\Matematikk.csproj", "{E168CBDE-EE7B-4885-B414-87C7B3DEE123}"
EndProject
Project("{FAE04EC0-301F-11D3-BF4B-00C04F79EFBC}") = "DegerVeReferanslar", "DegerVeReferanslar\DegerVeReferanslar.csproj", "{C5963F07-6915-43C0-9CEF-200DD96277EA}"
EndProject
Project("{FAE04EC0-301F-11D3-BF4B-00C04F79EFBC}") = "OOP1", "OOP1\OOP1.csproj", "{B589A001-945B-437C-88FA-9665AE3ACE1D}"
EndProject
Project("{FAE04EC0-301F-11D3-BF4B-00C04F79EFBC}") = "Koleksiyonlar", "Koleksiyonlar\Koleksiyonlar.csproj", "{D3F00B2A-B9E6-4833-A156-5458A37D317B}"
EndProject
Project("{FAE04EC0-301F-11D3-BF4B-00C04F79EFBC}") = "GenericsIntro", "GenericsIntro\GenericsIntro.csproj", "{E293B9DD-D952-4FC5-B102-788E145A04CC}"
EndProject
Project("{FAE04EC0-301F-11D3-BF4B-00C04F79EFBC}") = "OOP2", "OOP2\OOP2.csproj", "{9DD405D0-F3EC-4382-A873-E84A3026F8B7}"
EndProject
Global
	GlobalSection(SolutionConfigurationPlatforms) = preSolution
		Debug|Any CPU = Debug|Any CPU
		Release|Any CPU = Release|Any CPU
	EndGlobalSection
	GlobalSection(ProjectConfigurationPlatforms) = postSolution
		{6235A002-941D-4589-8145-573FAE71F6E8}.Debug|Any CPU.ActiveCfg = Debug|Any CPU
		{6235A002-941D-4589-8145-573FAE71F6E8}.Debug|Any CPU.Build.0 = Debug|Any CPU
		{6235A002-941D-4589-8145-573FAE71F6E8}.Release|Any CPU.ActiveCfg = Release|Any CPU
		{6235A002-941D-4589-8145-573FAE71F6E8}.Release|Any CPU.Build.0 = Release|Any CPU
		{B5E1EC6A-4A85-4E44-8E1D-2821C9200461}.Debug|Any CPU.ActiveCfg = Debug|Any CPU
		{B5E1EC6A-4A85-4E44-8E1D-2821C9200461}.Debug|Any CPU.Build.0 = Debug|Any CPU
		{B5E1EC6A-4A85-4E44-8E1D-2821C9200461}.Release|Any CPU.ActiveCfg = Release|Any CPU
		{B5E1EC6A-4A85-4E44-8E1D-2821C9200461}.Release|Any CPU.Build.0 = Release|Any CPU
		{3586C5DE-D746-4A6C-A7EC-C215CC70215A}.Debug|Any CPU.ActiveCfg = Debug|Any CPU
		{3586C5DE-D746-4A6C-A7EC-C215CC70215A}.Debug|Any CPU.Build.0 = Debug|Any CPU
		{3586C5DE-D746-4A6C-A7EC-C215CC70215A}.Release|Any CPU.ActiveCfg = Release|Any CPU
		{3586C5DE-D746-4A6C-A7EC-C215CC70215A}.Release|Any CPU.Build.0 = Release|Any CPU
		{BAD9064F-3A47-4140-9A17-660E505F0D98}.Debug|Any CPU.ActiveCfg = Debug|Any CPU
		{BAD9064F-3A47-4140-9A17-660E505F0D98}.Debug|Any CPU.Build.0 = Debug|Any CPU
		{BAD9064F-3A47-4140-9A17-660E505F0D98}.Release|Any CPU.ActiveCfg = Release|Any CPU
		{BAD9064F-3A47-4140-9A17-660E505F0D98}.Release|Any CPU.Build.0 = Release|Any CPU
		{E168CBDE-EE7B-4885-B414-87C7B3DEE123}.Debug|Any CPU.ActiveCfg = Debug|Any CPU
		{E168CBDE-EE7B-4885-B414-87C7B3DEE123}.Debug|Any CPU.Build.0 = Debug|Any CPU
		{E168CBDE-EE7B-4885-B414-87C7B3DEE123}.Release|Any CPU.ActiveCfg = Release|Any CPU
		{E168CBDE-EE7B-4885-B414-87C7B3DEE123}.Release|Any CPU.Build.0 = Release|Any CPU
		{C5963F07-6915-43C0-9CEF-200DD96277EA}.Debug|Any CPU.ActiveCfg = Debug|Any CPU
		{C5963F07-6915-43C0-9CEF-200DD96277EA}.Debug|Any CPU.Build.0 = Debug|Any CPU
		{C5963F07-6915-43C0-9CEF-200DD96277EA}.Release|Any CPU.ActiveCfg = Release|Any CPU
		{C5963F07-6915-43C0-9CEF-200DD96277EA}.Release|Any CPU.Build.0 = Release|Any CPU
		{B589A001-945B-437C-88FA-9665AE3ACE1D}.Debug|Any CPU.ActiveCfg = Debug|Any CPU
		{B589A001-945B-437C-88FA-9665AE3ACE1D}.Debug|Any CPU.Build.0 = Debug|Any CPU
		{B589A001-945B-437C-88FA-9665AE3ACE1D}.Release|Any CPU.ActiveCfg = Release|Any CPU
		{B589A001-945B-437C-88FA-9665AE3ACE1D}.Release|Any CPU.Build.0 = Release|Any CPU
		{D3F00B2A-B9E6-4833-A156-5458A37D317B}.Debug|Any CPU.ActiveCfg = Debug|Any CPU
		{D3F00B2A-B9E6-4833-A156-5458A37D317B}.Debug|Any CPU.Build.0 = Debug|Any CPU
		{D3F00B2A-B9E6-4833-A156-5458A37D317B}.Release|Any CPU.ActiveCfg = Release|Any CPU
		{D3F00B2A-B9E6-4833-A156-5458A37D317B}.Release|Any CPU.Build.0 = Release|Any CPU
		{E293B9DD-D952-4FC5-B102-788E145A04CC}.Debug|Any CPU.ActiveCfg = Debug|Any CPU
		{E293B9DD-D952-4FC5-B102-788E145A04CC}.Debug|Any CPU.Build.0 = Debug|Any CPU
		{E293B9DD-D952-4FC5-B102-788E145A04CC}.Release|Any CPU.ActiveCfg = Release|Any CPU
		{E293B9DD-D952-4FC5-B102-788E145A04CC}.Release|Any CPU.Build.0 = Release|Any CPU
		{9DD405D0-F3EC-4382-A873-E84A3026F8B7}.Debug|Any CPU.ActiveCfg = Debug|Any CPU
		{9DD405D0-F3EC-4382-A873-E84A3026F8B7}.Debug|Any CPU.Build.0 = Debug|Any CPU
		{9DD405D0-F3EC-4382-A873-E84A3026F8B7}.Release|Any CPU.ActiveCfg = Release|Any CPU
		{9DD405D0-F3EC-4382-A873-E84A3026F8B7}.Release|Any CPU.Build.0 = Release|Any CPU
	EndGlobalSection
	GlobalSection(SolutionProperties) = preSolution
		HideSolutionNode = FALSE
	EndGlobalSection
	GlobalSection(ExtensibilityGlobals) = postSolution
		SolutionGuid = {47CDAD23-568A-4685-8133-669E2C83C61B}
	EndGlobalSection
EndGlobal
